
Microsoft Visual Studio Solution File, Format Version 11.00
# Visual Studio 2010
Project("{FAE04EC0-301F-11D3-BF4B-00C04F79EFBC}") = "Algorithm-List", "Algorithm-List\Algorithm-List.csproj", "{7D5E3CCB-AD41-4228-A261-AA9846690BC5}"
EndProject
Project("{FAE04EC0-301F-11D3-BF4B-00C04F79EFBC}") = "TestProject", "TestProject\TestProject.csproj", "{C781E486-2E12-4C46-868B-543EA27C0873}"
EndProject
Project("{2150E333-8FDC-42A3-9474-1A3956D46DE8}") = "Solution Items", "Solution Items", "{5AD833A4-E9C6-4B11-A541-5DB080178F82}"
	ProjectSection(SolutionItems) = preProject
		Algorithm-List.vsmdi = Algorithm-List.vsmdi
		Local.testsettings = Local.testsettings
		TraceAndTestImpact.testsettings = TraceAndTestImpact.testsettings
	EndProjectSection
EndProject
Global
	GlobalSection(TestCaseManagementSettings) = postSolution
		CategoryFile = Algorithm-List.vsmdi
	EndGlobalSection
	GlobalSection(SolutionConfigurationPlatforms) = preSolution
		Debug|Any CPU = Debug|Any CPU
		Release|Any CPU = Release|Any CPU
	EndGlobalSection
	GlobalSection(ProjectConfigurationPlatforms) = postSolution
		{7D5E3CCB-AD41-4228-A261-AA9846690BC5}.Debug|Any CPU.ActiveCfg = Debug|Any CPU
		{7D5E3CCB-AD41-4228-A261-AA9846690BC5}.Debug|Any CPU.Build.0 = Debug|Any CPU
		{7D5E3CCB-AD41-4228-A261-AA9846690BC5}.Release|Any CPU.ActiveCfg = Release|Any CPU
		{7D5E3CCB-AD41-4228-A261-AA9846690BC5}.Release|Any CPU.Build.0 = Release|Any CPU
		{C781E486-2E12-4C46-868B-543EA27C0873}.Debug|Any CPU.ActiveCfg = Debug|Any CPU
		{C781E486-2E12-4C46-868B-543EA27C0873}.Debug|Any CPU.Build.0 = Debug|Any CPU
		{C781E486-2E12-4C46-868B-543EA27C0873}.Release|Any CPU.ActiveCfg = Release|Any CPU
		{C781E486-2E12-4C46-868B-543EA27C0873}.Release|Any CPU.Build.0 = Release|Any CPU
	EndGlobalSection
	GlobalSection(SolutionProperties) = preSolution
		HideSolutionNode = FALSE
	EndGlobalSection
EndGlobal
